
Microsoft Visual Studio Solution File, Format Version 12.00
# Visual Studio 15
VisualStudioVersion = 15.0.28307.271
MinimumVisualStudioVersion = 10.0.40219.1
Project("{888888A0-9F3D-457C-B088-3A5042F75D52}") = "BasicProject", "BasicProject\BasicProject.pyproj", "{3E10C556-C594-48C5-AFA9-F24E7ED0054B}"
EndProject
Global
	GlobalSection(SolutionConfigurationPlatforms) = preSolution
		Debug|Any CPU = Debug|Any CPU
		Release|Any CPU = Release|Any CPU
	EndGlobalSection
	GlobalSection(ProjectConfigurationPlatforms) = postSolution
		{3E10C556-C594-48C5-AFA9-F24E7ED0054B}.Debug|Any CPU.ActiveCfg = Debug|Any CPU
		{3E10C556-C594-48C5-AFA9-F24E7ED0054B}.Debug|Any CPU.Build.0 = Debug|Any CPU
		{3E10C556-C594-48C5-AFA9-F24E7ED0054B}.Release|Any CPU.ActiveCfg = Release|Any CPU
		{3E10C556-C594-48C5-AFA9-F24E7ED0054B}.Release|Any CPU.Build.0 = Release|Any CPU
	EndGlobalSection
	GlobalSection(SolutionProperties) = preSolution
		HideSolutionNode = FALSE
	EndGlobalSection
	GlobalSection(ExtensibilityGlobals) = postSolution
		SolutionGuid = {49303C83-0627-46A0-B4A1-BED9AF815473}
	EndGlobalSection
EndGlobal
